{
    "_readme": [
        "This file locks the dependencies of your project to a known state",
        "Read more about it at https://getcomposer.org/doc/01-basic-usage.md#installing-dependencies",
        "This file is @generated automatically"
    ],
    "content-hash": "216da1aa5aaf030ce8860187653b9055",
    "packages": [],
    "packages-dev": [],
    "aliases": [],
    "minimum-stability": "stable",
    "stability-flags": [],
    "prefer-stable": false,
    "prefer-lowest": false,
    "platform": {
        "php": "^7.4",
        "ext-redis": "^5.1",
        "ext-memcache": "*"
    },
    "platform-dev": {
        "php": "^7.4",
        "ext-redis": "^5.1",
        "ext-memcache": "*"
    },
    "plugin-api-version": "2.1.0"
}
